# Run ./gradlew --write-locks to regenerate this file
ch.qos.logback:logback-classic:1.2.3 (1 constraints: 0805f935)
ch.qos.logback:logback-core:1.2.3 (1 constraints: 070dff1c)
com.fasterxml.jackson.core:jackson-annotations:2.11.2 (2 constraints: 24268c6d)
com.fasterxml.jackson.core:jackson-core:2.11.2 (5 constraints: 886aa95d)
com.fasterxml.jackson.core:jackson-databind:2.11.2 (5 constraints: 3a5df5ad)
com.fasterxml.jackson.dataformat:jackson-dataformat-yaml:2.11.2 (1 constraints: 3805343b)
com.fasterxml.jackson.datatype:jackson-datatype-guava:2.11.2 (1 constraints: 3805343b)
com.fasterxml.jackson.datatype:jackson-datatype-jdk8:2.11.2 (1 constraints: 3805343b)
com.google.android:annotations:4.1.1.4 (1 constraints: 6e08d68b)
com.google.api.grpc:proto-google-common-protos:1.17.0 (1 constraints: 070ae1b3)
com.google.code.findbugs:annotations:3.0.1 (1 constraints: 6f13ec3d)
com.google.code.findbugs:jsr305:3.0.2 (7 constraints: 4d42a918)
com.google.code.gson:gson:2.8.6 (4 constraints: fc264b5c)
com.google.errorprone:error_prone_annotations:2.3.4 (7 constraints: 004818e7)
com.google.guava:failureaccess:1.0.1 (1 constraints: 140ae1b4)
com.google.guava:guava:29.0-jre (9 constraints: ff7eba3d)
com.google.guava:listenablefuture:9999.0-empty-to-avoid-conflict-with-guava (1 constraints: bd17c918)
com.google.j2objc:j2objc-annotations:1.3 (1 constraints: b809eda0)
com.google.protobuf:protobuf-java:3.12.2 (4 constraints: 753acc81)
com.google.protobuf:protobuf-java-util:3.12.2 (2 constraints: af185593)
com.hubspot.jackson:jackson-datatype-protobuf:0.9.12 (1 constraints: 3e05453b)
com.jhlabs:filters:2.0.235 (1 constraints: 1e0adeb8)
com.sun.xml.bind:jaxb-core:2.3.0.1 (1 constraints: 66059940)
com.sun.xml.bind:jaxb-impl:2.3.1 (1 constraints: 0805ff35)
commons-io:commons-io:2.7 (1 constraints: ad04242c)
edu.cmu.cs.delphi:delphi-api:0.0.1-10-g201a8a5 (1 constraints: e7078a83)
edu.cmu.cs.diamond.opendiamond:opendiamond-java:v8.1.1-11-ge036e50-SNAPSHOT (1 constraints: 0a0bcae9)
io.grpc:grpc-api:1.30.2 (4 constraints: 6d26a66d)
io.grpc:grpc-context:1.30.2 (1 constraints: cd079078)
io.grpc:grpc-core:1.30.2 (1 constraints: 5d0b70e4)
io.grpc:grpc-netty-shaded:1.30.2 (1 constraints: 3805333b)
io.grpc:grpc-protobuf:1.30.2 (1 constraints: 3e0c2c08)
io.grpc:grpc-protobuf-lite:1.30.2 (1 constraints: 040ad6b3)
io.grpc:grpc-stub:1.30.2 (1 constraints: 3e0c2c08)
io.perfmark:perfmark-api:0.19.0 (1 constraints: 40086d83)
javax.activation:javax.activation-api:1.2.0 (1 constraints: 450a28bf)
javax.xml.bind:jaxb-api:2.3.1 (1 constraints: b0137856)
one.util:streamex:0.7.2 (1 constraints: 0b050236)
org.checkerframework:checker-qual:2.11.1 (1 constraints: 470a33bf)
org.codehaus.mojo:animal-sniffer-annotations:1.18 (5 constraints: 772ca726)
org.immutables:gson:2.8.8 (1 constraints: 14051536)
org.immutables:value:2.8.8 (1 constraints: 14051536)
org.slf4j:slf4j-api:1.7.30 (2 constraints: 7c120137)
org.swinglabs:swing-worker:1.1 (1 constraints: 56099b91)
org.swinglabs:swingx:1.6.1 (1 constraints: 0a050336)
org.yaml:snakeyaml:1.26 (1 constraints: 7117f927)
