# Run ./gradlew --write-locks to regenerate this file
com.google.code.gson:gson:2.8.6 (1 constraints: 12051336)
com.jhlabs:filters:2.0.235 (1 constraints: 1e0adeb8)
com.sun.xml.bind:jaxb-core:2.3.0.1 (1 constraints: 66059940)
com.sun.xml.bind:jaxb-impl:2.3.1 (1 constraints: 0805ff35)
commons-io:commons-io:2.6 (1 constraints: ac04232c)
edu.cmu.cs.diamond.opendiamond:opendiamond-java:v8.1.1-3-g7468f2d-SNAPSHOT (1 constraints: e80a00e0)
javax.activation:javax.activation-api:1.2.0 (1 constraints: 450a28bf)
javax.xml.bind:jaxb-api:2.3.1 (1 constraints: b0137856)
org.swinglabs:swing-worker:1.1 (1 constraints: 56099b91)
org.swinglabs:swingx:1.6.1 (1 constraints: 0a050336)
