# Run ./gradlew --write-locks to regenerate this file
ch.qos.logback:logback-classic:1.2.3 (1 constraints: 0805f935)
ch.qos.logback:logback-core:1.2.3 (1 constraints: 070dff1c)
com.fasterxml.jackson.core:jackson-annotations:2.11.2 (2 constraints: 24268c6d)
com.fasterxml.jackson.core:jackson-core:2.11.2 (5 constraints: 886aa95d)
com.fasterxml.jackson.core:jackson-databind:2.11.2 (5 constraints: 3a5df5ad)
com.fasterxml.jackson.dataformat:jackson-dataformat-yaml:2.11.2 (1 constraints: 3805343b)
com.fasterxml.jackson.datatype:jackson-datatype-guava:2.11.2 (1 constraints: 3805343b)
com.fasterxml.jackson.datatype:jackson-datatype-jdk8:2.11.2 (1 constraints: 3805343b)
com.google.code.findbugs:annotations:3.0.1 (1 constraints: 6f13ec3d)
com.google.code.findbugs:jsr305:3.0.2 (1 constraints: 170aecb4)
com.google.code.gson:gson:2.8.6 (2 constraints: d6198c19)
com.google.errorprone:error_prone_annotations:2.3.4 (2 constraints: a91af240)
com.google.guava:failureaccess:1.0.1 (1 constraints: 140ae1b4)
com.google.guava:guava:29.0-jre (4 constraints: 39433bf5)
com.google.guava:listenablefuture:9999.0-empty-to-avoid-conflict-with-guava (1 constraints: bd17c918)
com.google.j2objc:j2objc-annotations:1.3 (1 constraints: b809eda0)
com.google.protobuf:protobuf-java:3.12.2 (2 constraints: 3324e987)
com.google.protobuf:protobuf-java-util:3.12.2 (1 constraints: 7613033e)
com.hubspot.jackson:jackson-datatype-protobuf:0.9.12 (1 constraints: 3e05453b)
com.jhlabs:filters:2.0.235 (1 constraints: 1e0adeb8)
com.sun.xml.bind:jaxb-core:2.3.0.1 (1 constraints: 66059940)
com.sun.xml.bind:jaxb-impl:2.3.1 (1 constraints: 0805ff35)
com.twelvemonkeys.common:common-image:3.7.0 (7 constraints: 2c756909)
com.twelvemonkeys.common:common-io:3.7.0 (8 constraints: 8185e2ce)
com.twelvemonkeys.common:common-lang:3.7.0 (9 constraints: ab94b89a)
com.twelvemonkeys.imageio:imageio-bmp:3.7.0 (1 constraints: 0c050f36)
com.twelvemonkeys.imageio:imageio-core:3.7.0 (6 constraints: 8d6439e4)
com.twelvemonkeys.imageio:imageio-jpeg:3.7.0 (1 constraints: 0c050f36)
com.twelvemonkeys.imageio:imageio-metadata:3.7.0 (3 constraints: e031d44a)
com.twelvemonkeys.imageio:imageio-pnm:3.7.0 (1 constraints: 0c050f36)
com.twelvemonkeys.imageio:imageio-tiff:3.7.0 (1 constraints: 0c050f36)
com.twelvemonkeys.imageio:imageio-webp:3.7.0 (1 constraints: 0c050f36)
commons-io:commons-io:2.7 (1 constraints: ad04242c)
edu.cmu.cs.diamond.opendiamond:opendiamond-java:v9.0.0 (1 constraints: 8105f23c)
javax.activation:javax.activation-api:1.2.0 (1 constraints: 450a28bf)
javax.xml.bind:jaxb-api:2.3.1 (1 constraints: b0137856)
one.util:streamex:0.7.2 (1 constraints: 0b050236)
org.checkerframework:checker-qual:2.11.1 (1 constraints: 470a33bf)
org.immutables:gson:2.8.8 (1 constraints: 14051536)
org.immutables:value:2.8.8 (1 constraints: 14051536)
org.slf4j:slf4j-api:1.7.30 (2 constraints: 7c120137)
org.swinglabs:swing-worker:1.1 (1 constraints: 56099b91)
org.swinglabs:swingx:1.6.1 (1 constraints: 0a050336)
org.yaml:snakeyaml:1.26 (1 constraints: 7117f927)
